// !$*UTF8*$!
{
	archiveVersion = 1;
	classes = {
	};
	objectVersion = 50;
	objects = {

/* Begin PBXBuildFile section */
		9F2AF4C624C566EF00367F35 /* main.swift in Sources */ = {isa = PBXBuildFile; fileRef = 9F2AF4C524C566EF00367F35 /* main.swift */; };
		9F751AC624C6A33D003EA0A2 /* parseEncoding.swift in Sources */ = {isa = PBXBuildFile; fileRef = 9F751AC524C6A33D003EA0A2 /* parseEncoding.swift */; };
		9F751AC824C6A517003EA0A2 /* InstMatcher.swift in Sources */ = {isa = PBXBuildFile; fileRef = 9F751AC724C6A517003EA0A2 /* InstMatcher.swift */; };
		9F751ACA24C6A5CB003EA0A2 /* MatcherPatterns.swift in Sources */ = {isa = PBXBuildFile; fileRef = 9F751AC924C6A5CB003EA0A2 /* MatcherPatterns.swift */; };
		9F751ACC24C6A601003EA0A2 /* dasm.swift in Sources */ = {isa = PBXBuildFile; fileRef = 9F751ACB24C6A600003EA0A2 /* dasm.swift */; };
/* End PBXBuildFile section */

/* Begin PBXCopyFilesBuildPhase section */
		9F2AF4C024C566EF00367F35 /* CopyFiles */ = {
			isa = PBXCopyFilesBuildPhase;
			buildActionMask = 2147483647;
			dstPath = /usr/share/man/man1/;
			dstSubfolderSpec = 0;
			files = (
			);
			runOnlyForDeploymentPostprocessing = 1;
		};
/* End PBXCopyFilesBuildPhase section */

/* Begin PBXFileReference section */
		9F2AF4C224C566EF00367F35 /* swiftdasm */ = {isa = PBXFileReference; explicitFileType = "compiled.mach-o.executable"; includeInIndex = 0; path = swiftdasm; sourceTree = BUILT_PRODUCTS_DIR; };
		9F2AF4C524C566EF00367F35 /* main.swift */ = {isa = PBXFileReference; lastKnownFileType = sourcecode.swift; path = main.swift; sourceTree = "<group>"; };
		9F751AC524C6A33D003EA0A2 /* parseEncoding.swift */ = {isa = PBXFileReference; fileEncoding = 4; lastKnownFileType = sourcecode.swift; path = parseEncoding.swift; sourceTree = "<group>"; };
		9F751AC724C6A517003EA0A2 /* InstMatcher.swift */ = {isa = PBXFileReference; lastKnownFileType = sourcecode.swift; path = InstMatcher.swift; sourceTree = "<group>"; };
		9F751AC924C6A5CB003EA0A2 /* MatcherPatterns.swift */ = {isa = PBXFileReference; lastKnownFileType = sourcecode.swift; path = MatcherPatterns.swift; sourceTree = "<group>"; };
		9F751ACB24C6A600003EA0A2 /* dasm.swift */ = {isa = PBXFileReference; lastKnownFileType = sourcecode.swift; path = dasm.swift; sourceTree = "<group>"; };
/* End PBXFileReference section */

/* Begin PBXFrameworksBuildPhase section */
		9F2AF4BF24C566EF00367F35 /* Frameworks */ = {
			isa = PBXFrameworksBuildPhase;
			buildActionMask = 2147483647;
			files = (
			);
			runOnlyForDeploymentPostprocessing = 0;
		};
/* End PBXFrameworksBuildPhase section */

/* Begin PBXGroup section */
		9F2AF4B924C566EF00367F35 = {
			isa = PBXGroup;
			children = (
				9F2AF4C424C566EF00367F35 /* swiftdasm */,
				9F2AF4C324C566EF00367F35 /* Products */,
			);
			sourceTree = "<group>";
		};
		9F2AF4C324C566EF00367F35 /* Products */ = {
			isa = PBXGroup;
			children = (
				9F2AF4C224C566EF00367F35 /* swiftdasm */,
			);
			name = Products;
			sourceTree = "<group>";
		};
		9F2AF4C424C566EF00367F35 /* swiftdasm */ = {
			isa = PBXGroup;
			children = (
				9F751AC524C6A33D003EA0A2 /* parseEncoding.swift */,
				9F2AF4C524C566EF00367F35 /* main.swift */,
				9F751AC724C6A517003EA0A2 /* InstMatcher.swift */,
				9F751AC924C6A5CB003EA0A2 /* MatcherPatterns.swift */,
				9F751ACB24C6A600003EA0A2 /* dasm.swift */,
			);
			path = swiftdasm;
			sourceTree = "<group>";
		};
/* End PBXGroup section */

/* Begin PBXNativeTarget section */
		9F2AF4C124C566EF00367F35 /* swiftdasm */ = {
			isa = PBXNativeTarget;
			buildConfigurationList = 9F2AF4C924C566EF00367F35 /* Build configuration list for PBXNativeTarget "swiftdasm" */;
			buildPhases = (
				9F2AF4BE24C566EF00367F35 /* Sources */,
				9F2AF4BF24C566EF00367F35 /* Frameworks */,
				9F2AF4C024C566EF00367F35 /* CopyFiles */,
			);
			buildRules = (
			);
			dependencies = (
			);
			name = swiftdasm;
			productName = swiftdasm;
			productReference = 9F2AF4C224C566EF00367F35 /* swiftdasm */;
			productType = "com.apple.product-type.tool";
		};
/* End PBXNativeTarget section */

/* Begin PBXProject section */
		9F2AF4BA24C566EF00367F35 /* Project object */ = {
			isa = PBXProject;
			attributes = {
				LastSwiftUpdateCheck = 1160;
				LastUpgradeCheck = 1160;
				ORGANIZATIONNAME = "Puyan Lotfi";
				TargetAttributes = {
					9F2AF4C124C566EF00367F35 = {
						CreatedOnToolsVersion = 11.6;
					};
				};
			};
			buildConfigurationList = 9F2AF4BD24C566EF00367F35 /* Build configuration list for PBXProject "swiftdasm" */;
			compatibilityVersion = "Xcode 9.3";
			developmentRegion = en;
			hasScannedForEncodings = 0;
			knownRegions = (
				en,
				Base,
			);
			mainGroup = 9F2AF4B924C566EF00367F35;
			productRefGroup = 9F2AF4C324C566EF00367F35 /* Products */;
			projectDirPath = "";
			projectRoot = "";
			targets = (
				9F2AF4C124C566EF00367F35 /* swiftdasm */,
			);
		};
/* End PBXProject section */

/* Begin PBXSourcesBuildPhase section */
		9F2AF4BE24C566EF00367F35 /* Sources */ = {
			isa = PBXSourcesBuildPhase;
			buildActionMask = 2147483647;
			files = (
				9F751ACA24C6A5CB003EA0A2 /* MatcherPatterns.swift in Sources */,
				9F751AC624C6A33D003EA0A2 /* parseEncoding.swift in Sources */,
				9F2AF4C624C566EF00367F35 /* main.swift in Sources */,
				9F751ACC24C6A601003EA0A2 /* dasm.swift in Sources */,
				9F751AC824C6A517003EA0A2 /* InstMatcher.swift in Sources */,
			);
			runOnlyForDeploymentPostprocessing = 0;
		};
/* End PBXSourcesBuildPhase section */

/* Begin XCBuildConfiguration section */
		9F2AF4C724C566EF00367F35 /* Debug */ = {
			isa = XCBuildConfiguration;
			buildSettings = {
				ALWAYS_SEARCH_USER_PATHS = NO;
				CLANG_ANALYZER_NONNULL = YES;
				CLANG_ANALYZER_NUMBER_OBJECT_CONVERSION = YES_AGGRESSIVE;
				CLANG_CXX_LANGUAGE_STANDARD = "gnu++14";
				CLANG_CXX_LIBRARY = "libc++";
				CLANG_ENABLE_MODULES = YES;
				CLANG_ENABLE_OBJC_ARC = YES;
				CLANG_ENABLE_OBJC_WEAK = YES;
				CLANG_WARN_BLOCK_CAPTURE_AUTORELEASING = YES;
				CLANG_WARN_BOOL_CONVERSION = YES;
				CLANG_WARN_COMMA = YES;
				CLANG_WARN_CONSTANT_CONVERSION = YES;
				CLANG_WARN_DEPRECATED_OBJC_IMPLEMENTATIONS = YES;
				CLANG_WARN_DIRECT_OBJC_ISA_USAGE = YES_ERROR;
				CLANG_WARN_DOCUMENTATION_COMMENTS = YES;
				CLANG_WARN_EMPTY_BODY = YES;
				CLANG_WARN_ENUM_CONVERSION = YES;
				CLANG_WARN_INFINITE_RECURSION = YES;
				CLANG_WARN_INT_CONVERSION = YES;
				CLANG_WARN_NON_LITERAL_NULL_CONVERSION = YES;
				CLANG_WARN_OBJC_IMPLICIT_RETAIN_SELF = YES;
				CLANG_WARN_OBJC_LITERAL_CONVERSION = YES;
				CLANG_WARN_OBJC_ROOT_CLASS = YES_ERROR;
				CLANG_WARN_RANGE_LOOP_ANALYSIS = YES;
				CLANG_WARN_STRICT_PROTOTYPES = YES;
				CLANG_WARN_SUSPICIOUS_MOVE = YES;
				CLANG_WARN_UNGUARDED_AVAILABILITY = YES_AGGRESSIVE;
				CLANG_WARN_UNREACHABLE_CODE = YES;
				CLANG_WARN__DUPLICATE_METHOD_MATCH = YES;
				COPY_PHASE_STRIP = NO;
				DEBUG_INFORMATION_FORMAT = dwarf;
				ENABLE_STRICT_OBJC_MSGSEND = YES;
				ENABLE_TESTABILITY = YES;
				GCC_C_LANGUAGE_STANDARD = gnu11;
				GCC_DYNAMIC_NO_PIC = NO;
				GCC_NO_COMMON_BLOCKS = YES;
				GCC_OPTIMIZATION_LEVEL = 0;
				GCC_PREPROCESSOR_DEFINITIONS = (
					"DEBUG=1",
					"$(inherited)",
				);
				GCC_WARN_64_TO_32_BIT_CONVERSION = YES;
				GCC_WARN_ABOUT_RETURN_TYPE = YES_ERROR;
				GCC_WARN_UNDECLARED_SELECTOR = YES;
				GCC_WARN_UNINITIALIZED_AUTOS = YES_AGGRESSIVE;
				GCC_WARN_UNUSED_FUNCTION = YES;
				GCC_WARN_UNUSED_VARIABLE = YES;
				MACOSX_DEPLOYMENT_TARGET = 10.15;
				MTL_ENABLE_DEBUG_INFO = INCLUDE_SOURCE;
				MTL_FAST_MATH = YES;
				ONLY_ACTIVE_ARCH = YES;
				SDKROOT = macosx;
				SWIFT_ACTIVE_COMPILATION_CONDITIONS = DEBUG;
				SWIFT_OPTIMIZATION_LEVEL = "-Onone";
			};
			name = Debug;
		};
		9F2AF4C824C566EF00367F35 /* Release */ = {
			isa = XCBuildConfiguration;
			buildSettings = {
				ALWAYS_SEARCH_USER_PATHS = NO;
				CLANG_ANALYZER_NONNULL = YES;
				CLANG_ANALYZER_NUMBER_OBJECT_CONVERSION = YES_AGGRESSIVE;
				CLANG_CXX_LANGUAGE_STANDARD = "gnu++14";
				CLANG_CXX_LIBRARY = "libc++";
				CLANG_ENABLE_MODULES = YES;
				CLANG_ENABLE_OBJC_ARC = YES;
				CLANG_ENABLE_OBJC_WEAK = YES;
				CLANG_WARN_BLOCK_CAPTURE_AUTORELEASING = YES;
				CLANG_WARN_BOOL_CONVERSION = YES;
				CLANG_WARN_COMMA = YES;
				CLANG_WARN_CONSTANT_CONVERSION = YES;
				CLANG_WARN_DEPRECATED_OBJC_IMPLEMENTATIONS = YES;
				CLANG_WARN_DIRECT_OBJC_ISA_USAGE = YES_ERROR;
				CLANG_WARN_DOCUMENTATION_COMMENTS = YES;
				CLANG_WARN_EMPTY_BODY = YES;
				CLANG_WARN_ENUM_CONVERSION = YES;
				CLANG_WARN_INFINITE_RECURSION = YES;
				CLANG_WARN_INT_CONVERSION = YES;
				CLANG_WARN_NON_LITERAL_NULL_CONVERSION = YES;
				CLANG_WARN_OBJC_IMPLICIT_RETAIN_SELF = YES;
				CLANG_WARN_OBJC_LITERAL_CONVERSION = YES;
				CLANG_WARN_OBJC_ROOT_CLASS = YES_ERROR;
				CLANG_WARN_RANGE_LOOP_ANALYSIS = YES;
				CLANG_WARN_STRICT_PROTOTYPES = YES;
				CLANG_WARN_SUSPICIOUS_MOVE = YES;
				CLANG_WARN_UNGUARDED_AVAILABILITY = YES_AGGRESSIVE;
				CLANG_WARN_UNREACHABLE_CODE = YES;
				CLANG_WARN__DUPLICATE_METHOD_MATCH = YES;
				COPY_PHASE_STRIP = NO;
				DEBUG_INFORMATION_FORMAT = "dwarf-with-dsym";
				ENABLE_NS_ASSERTIONS = NO;
				ENABLE_STRICT_OBJC_MSGSEND = YES;
				GCC_C_LANGUAGE_STANDARD = gnu11;
				GCC_NO_COMMON_BLOCKS = YES;
				GCC_WARN_64_TO_32_BIT_CONVERSION = YES;
				GCC_WARN_ABOUT_RETURN_TYPE = YES_ERROR;
				GCC_WARN_UNDECLARED_SELECTOR = YES;
				GCC_WARN_UNINITIALIZED_AUTOS = YES_AGGRESSIVE;
				GCC_WARN_UNUSED_FUNCTION = YES;
				GCC_WARN_UNUSED_VARIABLE = YES;
				MACOSX_DEPLOYMENT_TARGET = 10.15;
				MTL_ENABLE_DEBUG_INFO = NO;
				MTL_FAST_MATH = YES;
				SDKROOT = macosx;
				SWIFT_COMPILATION_MODE = wholemodule;
				SWIFT_OPTIMIZATION_LEVEL = "-O";
			};
			name = Release;
		};
		9F2AF4CA24C566EF00367F35 /* Debug */ = {
			isa = XCBuildConfiguration;
			buildSettings = {
				CODE_SIGN_STYLE = Automatic;
				PRODUCT_NAME = "$(TARGET_NAME)";
				SWIFT_VERSION = 5.0;
			};
			name = Debug;
		};
		9F2AF4CB24C566EF00367F35 /* Release */ = {
			isa = XCBuildConfiguration;
			buildSettings = {
				CODE_SIGN_STYLE = Automatic;
				PRODUCT_NAME = "$(TARGET_NAME)";
				SWIFT_VERSION = 5.0;
			};
			name = Release;
		};
/* End XCBuildConfiguration section */

/* Begin XCConfigurationList section */
		9F2AF4BD24C566EF00367F35 /* Build configuration list for PBXProject "swiftdasm" */ = {
			isa = XCConfigurationList;
			buildConfigurations = (
				9F2AF4C724C566EF00367F35 /* Debug */,
				9F2AF4C824C566EF00367F35 /* Release */,
			);
			defaultConfigurationIsVisible = 0;
			defaultConfigurationName = Release;
		};
		9F2AF4C924C566EF00367F35 /* Build configuration list for PBXNativeTarget "swiftdasm" */ = {
			isa = XCConfigurationList;
			buildConfigurations = (
				9F2AF4CA24C566EF00367F35 /* Debug */,
				9F2AF4CB24C566EF00367F35 /* Release */,
			);
			defaultConfigurationIsVisible = 0;
			defaultConfigurationName = Release;
		};
/* End XCConfigurationList section */
	};
	rootObject = 9F2AF4BA24C566EF00367F35 /* Project object */;
}
